
Microsoft Visual Studio Solution File, Format Version 12.00
# Visual Studio Version 17
VisualStudioVersion = 17.14.36414.22 d17.14
MinimumVisualStudioVersion = 10.0.40219.1
Project("{FAE04EC0-301F-11D3-BF4B-00C04F79EFBC}") = "olamundo", "olamundo.csproj", "{12D89E56-46D4-4F0B-AB32-C3ADC7121C78}"
EndProject
Global
	GlobalSection(SolutionConfigurationPlatforms) = preSolution
		Debug|Any CPU = Debug|Any CPU
		Release|Any CPU = Release|Any CPU
	EndGlobalSection
	GlobalSection(ProjectConfigurationPlatforms) = postSolution
		{12D89E56-46D4-4F0B-AB32-C3ADC7121C78}.Debug|Any CPU.ActiveCfg = Debug|Any CPU
		{12D89E56-46D4-4F0B-AB32-C3ADC7121C78}.Debug|Any CPU.Build.0 = Debug|Any CPU
		{12D89E56-46D4-4F0B-AB32-C3ADC7121C78}.Release|Any CPU.ActiveCfg = Release|Any CPU
		{12D89E56-46D4-4F0B-AB32-C3ADC7121C78}.Release|Any CPU.Build.0 = Release|Any CPU
	EndGlobalSection
	GlobalSection(SolutionProperties) = preSolution
		HideSolutionNode = FALSE
	EndGlobalSection
	GlobalSection(ExtensibilityGlobals) = postSolution
		SolutionGuid = {285E5480-7816-44BE-B194-B3D994FA3A3D}
	EndGlobalSection
EndGlobal
