
Microsoft Visual Studio Solution File, Format Version 12.00
# Visual Studio Version 17
VisualStudioVersion = 17.14.36414.22 d17.14
MinimumVisualStudioVersion = 10.0.40219.1
Project("{FAE04EC0-301F-11D3-BF4B-00C04F79EFBC}") = "classes", "classes.csproj", "{9BC70270-1B76-46F9-B7F3-586022476BFE}"
EndProject
Global
	GlobalSection(SolutionConfigurationPlatforms) = preSolution
		Debug|Any CPU = Debug|Any CPU
		Release|Any CPU = Release|Any CPU
	EndGlobalSection
	GlobalSection(ProjectConfigurationPlatforms) = postSolution
		{9BC70270-1B76-46F9-B7F3-586022476BFE}.Debug|Any CPU.ActiveCfg = Debug|Any CPU
		{9BC70270-1B76-46F9-B7F3-586022476BFE}.Debug|Any CPU.Build.0 = Debug|Any CPU
		{9BC70270-1B76-46F9-B7F3-586022476BFE}.Release|Any CPU.ActiveCfg = Release|Any CPU
		{9BC70270-1B76-46F9-B7F3-586022476BFE}.Release|Any CPU.Build.0 = Release|Any CPU
	EndGlobalSection
	GlobalSection(SolutionProperties) = preSolution
		HideSolutionNode = FALSE
	EndGlobalSection
	GlobalSection(ExtensibilityGlobals) = postSolution
		SolutionGuid = {3664C7C7-066E-40A6-9174-D52FA3BEC491}
	EndGlobalSection
EndGlobal
