
Microsoft Visual Studio Solution File, Format Version 12.00
# Visual Studio Version 17
VisualStudioVersion = 17.14.36414.22 d17.14
MinimumVisualStudioVersion = 10.0.40219.1
Project("{FAE04EC0-301F-11D3-BF4B-00C04F79EFBC}") = "operadoreslogicos", "operadoreslogicos.csproj", "{3B709F6E-030C-4D4C-A057-A9EAE93235DE}"
EndProject
Global
	GlobalSection(SolutionConfigurationPlatforms) = preSolution
		Debug|Any CPU = Debug|Any CPU
		Release|Any CPU = Release|Any CPU
	EndGlobalSection
	GlobalSection(ProjectConfigurationPlatforms) = postSolution
		{3B709F6E-030C-4D4C-A057-A9EAE93235DE}.Debug|Any CPU.ActiveCfg = Debug|Any CPU
		{3B709F6E-030C-4D4C-A057-A9EAE93235DE}.Debug|Any CPU.Build.0 = Debug|Any CPU
		{3B709F6E-030C-4D4C-A057-A9EAE93235DE}.Release|Any CPU.ActiveCfg = Release|Any CPU
		{3B709F6E-030C-4D4C-A057-A9EAE93235DE}.Release|Any CPU.Build.0 = Release|Any CPU
	EndGlobalSection
	GlobalSection(SolutionProperties) = preSolution
		HideSolutionNode = FALSE
	EndGlobalSection
	GlobalSection(ExtensibilityGlobals) = postSolution
		SolutionGuid = {D2110A07-E454-41B5-B6FF-AA1900B11B9D}
	EndGlobalSection
EndGlobal
